// !$*UTF8*$!
{
	archiveVersion = 1;
	classes = {
	};
	objectVersion = 46;
	objects = {

/* Begin PBXBuildFile section */
		C8E211D21C3814740007CAA7 /* main.m in Sources */ = {isa = PBXBuildFile; fileRef = C8E211D11C3814740007CAA7 /* main.m */; };
		C8E211D51C3814740007CAA7 /* AppDelegate.m in Sources */ = {isa = PBXBuildFile; fileRef = C8E211D41C3814740007CAA7 /* AppDelegate.m */; };
		C8E211D81C3814740007CAA7 /* ViewController.m in Sources */ = {isa = PBXBuildFile; fileRef = C8E211D71C3814740007CAA7 /* ViewController.m */; };
		C8E211DB1C3814740007CAA7 /* Main.storyboard in Resources */ = {isa = PBXBuildFile; fileRef = C8E211D91C3814740007CAA7 /* Main.storyboard */; };
		C8E211DD1C3814740007CAA7 /* Assets.xcassets in Resources */ = {isa = PBXBuildFile; fileRef = C8E211DC1C3814740007CAA7 /* Assets.xcassets */; };
		C8E211E01C3814740007CAA7 /* LaunchScreen.storyboard in Resources */ = {isa = PBXBuildFile; fileRef = C8E211DE1C3814740007CAA7 /* LaunchScreen.storyboard */; };
		C8E211EB1C3814740007CAA7 /* MahjongScoreCalculatorTests.m in Sources */ = {isa = PBXBuildFile; fileRef = C8E211EA1C3814740007CAA7 /* MahjongScoreCalculatorTests.m */; };
/* End PBXBuildFile section */

/* Begin PBXContainerItemProxy section */
		C8E211E71C3814740007CAA7 /* PBXContainerItemProxy */ = {
			isa = PBXContainerItemProxy;
			containerPortal = C8E211C51C3814740007CAA7 /* Project object */;
			proxyType = 1;
			remoteGlobalIDString = C8E211CC1C3814740007CAA7;
			remoteInfo = MahjongScoreCalculator;
		};
/* End PBXContainerItemProxy section */

/* Begin PBXFileReference section */
		C8E211CD1C3814740007CAA7 /* MahjongScoreCalculator.app */ = {isa = PBXFileReference; explicitFileType = wrapper.application; includeInIndex = 0; path = MahjongScoreCalculator.app; sourceTree = BUILT_PRODUCTS_DIR; };
		C8E211D11C3814740007CAA7 /* main.m */ = {isa = PBXFileReference; lastKnownFileType = sourcecode.c.objc; path = main.m; sourceTree = "<group>"; };
		C8E211D31C3814740007CAA7 /* AppDelegate.h */ = {isa = PBXFileReference; lastKnownFileType = sourcecode.c.h; path = AppDelegate.h; sourceTree = "<group>"; };
		C8E211D41C3814740007CAA7 /* AppDelegate.m */ = {isa = PBXFileReference; lastKnownFileType = sourcecode.c.objc; path = AppDelegate.m; sourceTree = "<group>"; };
		C8E211D61C3814740007CAA7 /* ViewController.h */ = {isa = PBXFileReference; lastKnownFileType = sourcecode.c.h; path = ViewController.h; sourceTree = "<group>"; };
		C8E211D71C3814740007CAA7 /* ViewController.m */ = {isa = PBXFileReference; lastKnownFileType = sourcecode.c.objc; path = ViewController.m; sourceTree = "<group>"; };
		C8E211DA1C3814740007CAA7 /* Base */ = {isa = PBXFileReference; lastKnownFileType = file.storyboard; name = Base; path = Base.lproj/Main.storyboard; sourceTree = "<group>"; };
		C8E211DC1C3814740007CAA7 /* Assets.xcassets */ = {isa = PBXFileReference; lastKnownFileType = folder.assetcatalog; path = Assets.xcassets; sourceTree = "<group>"; };
		C8E211DF1C3814740007CAA7 /* Base */ = {isa = PBXFileReference; lastKnownFileType = file.storyboard; name = Base; path = Base.lproj/LaunchScreen.storyboard; sourceTree = "<group>"; };
		C8E211E11C3814740007CAA7 /* Info.plist */ = {isa = PBXFileReference; lastKnownFileType = text.plist.xml; path = Info.plist; sourceTree = "<group>"; };
		C8E211E61C3814740007CAA7 /* MahjongScoreCalculatorTests.xctest */ = {isa = PBXFileReference; explicitFileType = wrapper.cfbundle; includeInIndex = 0; path = MahjongScoreCalculatorTests.xctest; sourceTree = BUILT_PRODUCTS_DIR; };
		C8E211EA1C3814740007CAA7 /* MahjongScoreCalculatorTests.m */ = {isa = PBXFileReference; lastKnownFileType = sourcecode.c.objc; path = MahjongScoreCalculatorTests.m; sourceTree = "<group>"; };
		C8E211EC1C3814740007CAA7 /* Info.plist */ = {isa = PBXFileReference; lastKnownFileType = text.plist.xml; path = Info.plist; sourceTree = "<group>"; };
/* End PBXFileReference section */

/* Begin PBXFrameworksBuildPhase section */
		C8E211CA1C3814740007CAA7 /* Frameworks */ = {
			isa = PBXFrameworksBuildPhase;
			buildActionMask = 2147483647;
			files = (
			);
			runOnlyForDeploymentPostprocessing = 0;
		};
		C8E211E31C3814740007CAA7 /* Frameworks */ = {
			isa = PBXFrameworksBuildPhase;
			buildActionMask = 2147483647;
			files = (
			);
			runOnlyForDeploymentPostprocessing = 0;
		};
/* End PBXFrameworksBuildPhase section */

/* Begin PBXGroup section */
		C8E211C41C3814740007CAA7 = {
			isa = PBXGroup;
			children = (
				C8E211CF1C3814740007CAA7 /* MahjongScoreCalculator */,
				C8E211E91C3814740007CAA7 /* MahjongScoreCalculatorTests */,
				C8E211CE1C3814740007CAA7 /* Products */,
			);
			sourceTree = "<group>";
		};
		C8E211CE1C3814740007CAA7 /* Products */ = {
			isa = PBXGroup;
			children = (
				C8E211CD1C3814740007CAA7 /* MahjongScoreCalculator.app */,
				C8E211E61C3814740007CAA7 /* MahjongScoreCalculatorTests.xctest */,
			);
			name = Products;
			sourceTree = "<group>";
		};
		C8E211CF1C3814740007CAA7 /* MahjongScoreCalculator */ = {
			isa = PBXGroup;
			children = (
				C8E211D31C3814740007CAA7 /* AppDelegate.h */,
				C8E211D41C3814740007CAA7 /* AppDelegate.m */,
				C8E211D61C3814740007CAA7 /* ViewController.h */,
				C8E211D71C3814740007CAA7 /* ViewController.m */,
				C8E211D91C3814740007CAA7 /* Main.storyboard */,
				C8E211DC1C3814740007CAA7 /* Assets.xcassets */,
				C8E211DE1C3814740007CAA7 /* LaunchScreen.storyboard */,
				C8E211E11C3814740007CAA7 /* Info.plist */,
				C8E211D01C3814740007CAA7 /* Supporting Files */,
			);
			path = MahjongScoreCalculator;
			sourceTree = "<group>";
		};
		C8E211D01C3814740007CAA7 /* Supporting Files */ = {
			isa = PBXGroup;
			children = (
				C8E211D11C3814740007CAA7 /* main.m */,
			);
			name = "Supporting Files";
			sourceTree = "<group>";
		};
		C8E211E91C3814740007CAA7 /* MahjongScoreCalculatorTests */ = {
			isa = PBXGroup;
			children = (
				C8E211EA1C3814740007CAA7 /* MahjongScoreCalculatorTests.m */,
				C8E211EC1C3814740007CAA7 /* Info.plist */,
			);
			path = MahjongScoreCalculatorTests;
			sourceTree = "<group>";
		};
/* End PBXGroup section */

/* Begin PBXNativeTarget section */
		C8E211CC1C3814740007CAA7 /* MahjongScoreCalculator */ = {
			isa = PBXNativeTarget;
			buildConfigurationList = C8E211EF1C3814740007CAA7 /* Build configuration list for PBXNativeTarget "MahjongScoreCalculator" */;
			buildPhases = (
				C8E211C91C3814740007CAA7 /* Sources */,
				C8E211CA1C3814740007CAA7 /* Frameworks */,
				C8E211CB1C3814740007CAA7 /* Resources */,
			);
			buildRules = (
			);
			dependencies = (
			);
			name = MahjongScoreCalculator;
			productName = MahjongScoreCalculator;
			productReference = C8E211CD1C3814740007CAA7 /* MahjongScoreCalculator.app */;
			productType = "com.apple.product-type.application";
		};
		C8E211E51C3814740007CAA7 /* MahjongScoreCalculatorTests */ = {
			isa = PBXNativeTarget;
			buildConfigurationList = C8E211F21C3814740007CAA7 /* Build configuration list for PBXNativeTarget "MahjongScoreCalculatorTests" */;
			buildPhases = (
				C8E211E21C3814740007CAA7 /* Sources */,
				C8E211E31C3814740007CAA7 /* Frameworks */,
				C8E211E41C3814740007CAA7 /* Resources */,
			);
			buildRules = (
			);
			dependencies = (
				C8E211E81C3814740007CAA7 /* PBXTargetDependency */,
			);
			name = MahjongScoreCalculatorTests;
			productName = MahjongScoreCalculatorTests;
			productReference = C8E211E61C3814740007CAA7 /* MahjongScoreCalculatorTests.xctest */;
			productType = "com.apple.product-type.bundle.unit-test";
		};
/* End PBXNativeTarget section */

/* Begin PBXProject section */
		C8E211C51C3814740007CAA7 /* Project object */ = {
			isa = PBXProject;
			attributes = {
				LastUpgradeCheck = 0720;
				ORGANIZATIONNAME = fredfx;
				TargetAttributes = {
					C8E211CC1C3814740007CAA7 = {
						CreatedOnToolsVersion = 7.2;
						DevelopmentTeam = HHZ4523EN3;
					};
					C8E211E51C3814740007CAA7 = {
						CreatedOnToolsVersion = 7.2;
						DevelopmentTeam = HHZ4523EN3;
						TestTargetID = C8E211CC1C3814740007CAA7;
					};
				};
			};
			buildConfigurationList = C8E211C81C3814740007CAA7 /* Build configuration list for PBXProject "MahjongScoreCalculator" */;
			compatibilityVersion = "Xcode 3.2";
			developmentRegion = English;
			hasScannedForEncodings = 0;
			knownRegions = (
				en,
				Base,
			);
			mainGroup = C8E211C41C3814740007CAA7;
			productRefGroup = C8E211CE1C3814740007CAA7 /* Products */;
			projectDirPath = "";
			projectRoot = "";
			targets = (
				C8E211CC1C3814740007CAA7 /* MahjongScoreCalculator */,
				C8E211E51C3814740007CAA7 /* MahjongScoreCalculatorTests */,
			);
		};
/* End PBXProject section */

/* Begin PBXResourcesBuildPhase section */
		C8E211CB1C3814740007CAA7 /* Resources */ = {
			isa = PBXResourcesBuildPhase;
			buildActionMask = 2147483647;
			files = (
				C8E211E01C3814740007CAA7 /* LaunchScreen.storyboard in Resources */,
				C8E211DD1C3814740007CAA7 /* Assets.xcassets in Resources */,
				C8E211DB1C3814740007CAA7 /* Main.storyboard in Resources */,
			);
			runOnlyForDeploymentPostprocessing = 0;
		};
		C8E211E41C3814740007CAA7 /* Resources */ = {
			isa = PBXResourcesBuildPhase;
			buildActionMask = 2147483647;
			files = (
			);
			runOnlyForDeploymentPostprocessing = 0;
		};
/* End PBXResourcesBuildPhase section */

/* Begin PBXSourcesBuildPhase section */
		C8E211C91C3814740007CAA7 /* Sources */ = {
			isa = PBXSourcesBuildPhase;
			buildActionMask = 2147483647;
			files = (
				C8E211D81C3814740007CAA7 /* ViewController.m in Sources */,
				C8E211D51C3814740007CAA7 /* AppDelegate.m in Sources */,
				C8E211D21C3814740007CAA7 /* main.m in Sources */,
			);
			runOnlyForDeploymentPostprocessing = 0;
		};
		C8E211E21C3814740007CAA7 /* Sources */ = {
			isa = PBXSourcesBuildPhase;
			buildActionMask = 2147483647;
			files = (
				C8E211EB1C3814740007CAA7 /* MahjongScoreCalculatorTests.m in Sources */,
			);
			runOnlyForDeploymentPostprocessing = 0;
		};
/* End PBXSourcesBuildPhase section */

/* Begin PBXTargetDependency section */
		C8E211E81C3814740007CAA7 /* PBXTargetDependency */ = {
			isa = PBXTargetDependency;
			target = C8E211CC1C3814740007CAA7 /* MahjongScoreCalculator */;
			targetProxy = C8E211E71C3814740007CAA7 /* PBXContainerItemProxy */;
		};
/* End PBXTargetDependency section */

/* Begin PBXVariantGroup section */
		C8E211D91C3814740007CAA7 /* Main.storyboard */ = {
			isa = PBXVariantGroup;
			children = (
				C8E211DA1C3814740007CAA7 /* Base */,
			);
			name = Main.storyboard;
			sourceTree = "<group>";
		};
		C8E211DE1C3814740007CAA7 /* LaunchScreen.storyboard */ = {
			isa = PBXVariantGroup;
			children = (
				C8E211DF1C3814740007CAA7 /* Base */,
			);
			name = LaunchScreen.storyboard;
			sourceTree = "<group>";
		};
/* End PBXVariantGroup section */

/* Begin XCBuildConfiguration section */
		C8E211ED1C3814740007CAA7 /* Debug */ = {
			isa = XCBuildConfiguration;
			buildSettings = {
				ALWAYS_SEARCH_USER_PATHS = NO;
				CLANG_CXX_LANGUAGE_STANDARD = "gnu++0x";
				CLANG_CXX_LIBRARY = "libc++";
				CLANG_ENABLE_MODULES = YES;
				CLANG_ENABLE_OBJC_ARC = YES;
				CLANG_WARN_BOOL_CONVERSION = YES;
				CLANG_WARN_CONSTANT_CONVERSION = YES;
				CLANG_WARN_DIRECT_OBJC_ISA_USAGE = YES_ERROR;
				CLANG_WARN_EMPTY_BODY = YES;
				CLANG_WARN_ENUM_CONVERSION = YES;
				CLANG_WARN_INT_CONVERSION = YES;
				CLANG_WARN_OBJC_ROOT_CLASS = YES_ERROR;
				CLANG_WARN_UNREACHABLE_CODE = YES;
				CLANG_WARN__DUPLICATE_METHOD_MATCH = YES;
				"CODE_SIGN_IDENTITY[sdk=iphoneos*]" = "iPhone Developer";
				COPY_PHASE_STRIP = NO;
				DEBUG_INFORMATION_FORMAT = dwarf;
				ENABLE_STRICT_OBJC_MSGSEND = YES;
				ENABLE_TESTABILITY = YES;
				GCC_C_LANGUAGE_STANDARD = gnu99;
				GCC_DYNAMIC_NO_PIC = NO;
				GCC_NO_COMMON_BLOCKS = YES;
				GCC_OPTIMIZATION_LEVEL = 0;
				GCC_PREPROCESSOR_DEFINITIONS = (
					"DEBUG=1",
					"$(inherited)",
				);
				GCC_WARN_64_TO_32_BIT_CONVERSION = YES;
				GCC_WARN_ABOUT_RETURN_TYPE = YES_ERROR;
				GCC_WARN_UNDECLARED_SELECTOR = YES;
				GCC_WARN_UNINITIALIZED_AUTOS = YES_AGGRESSIVE;
				GCC_WARN_UNUSED_FUNCTION = YES;
				GCC_WARN_UNUSED_VARIABLE = YES;
				IPHONEOS_DEPLOYMENT_TARGET = 9.2;
				MTL_ENABLE_DEBUG_INFO = YES;
				ONLY_ACTIVE_ARCH = YES;
				SDKROOT = iphoneos;
			};
			name = Debug;
		};
		C8E211EE1C3814740007CAA7 /* Release */ = {
			isa = XCBuildConfiguration;
			buildSettings = {
				ALWAYS_SEARCH_USER_PATHS = NO;
				CLANG_CXX_LANGUAGE_STANDARD = "gnu++0x";
				CLANG_CXX_LIBRARY = "libc++";
				CLANG_ENABLE_MODULES = YES;
				CLANG_ENABLE_OBJC_ARC = YES;
				CLANG_WARN_BOOL_CONVERSION = YES;
				CLANG_WARN_CONSTANT_CONVERSION = YES;
				CLANG_WARN_DIRECT_OBJC_ISA_USAGE = YES_ERROR;
				CLANG_WARN_EMPTY_BODY = YES;
				CLANG_WARN_ENUM_CONVERSION = YES;
				CLANG_WARN_INT_CONVERSION = YES;
				CLANG_WARN_OBJC_ROOT_CLASS = YES_ERROR;
				CLANG_WARN_UNREACHABLE_CODE = YES;
				CLANG_WARN__DUPLICATE_METHOD_MATCH = YES;
				"CODE_SIGN_IDENTITY[sdk=iphoneos*]" = "iPhone Developer";
				COPY_PHASE_STRIP = NO;
				DEBUG_INFORMATION_FORMAT = "dwarf-with-dsym";
				ENABLE_NS_ASSERTIONS = NO;
				ENABLE_STRICT_OBJC_MSGSEND = YES;
				GCC_C_LANGUAGE_STANDARD = gnu99;
				GCC_NO_COMMON_BLOCKS = YES;
				GCC_WARN_64_TO_32_BIT_CONVERSION = YES;
				GCC_WARN_ABOUT_RETURN_TYPE = YES_ERROR;
				GCC_WARN_UNDECLARED_SELECTOR = YES;
				GCC_WARN_UNINITIALIZED_AUTOS = YES_AGGRESSIVE;
				GCC_WARN_UNUSED_FUNCTION = YES;
				GCC_WARN_UNUSED_VARIABLE = YES;
				IPHONEOS_DEPLOYMENT_TARGET = 9.2;
				MTL_ENABLE_DEBUG_INFO = NO;
				SDKROOT = iphoneos;
				VALIDATE_PRODUCT = YES;
			};
			name = Release;
		};
		C8E211F01C3814740007CAA7 /* Debug */ = {
			isa = XCBuildConfiguration;
			buildSettings = {
				ASSETCATALOG_COMPILER_APPICON_NAME = AppIcon;
				INFOPLIST_FILE = MahjongScoreCalculator/Info.plist;
				LD_RUNPATH_SEARCH_PATHS = "$(inherited) @executable_path/Frameworks";
				PRODUCT_BUNDLE_IDENTIFIER = Fredfx.MahjongScoreCalculator;
				PRODUCT_NAME = "$(TARGET_NAME)";
			};
			name = Debug;
		};
		C8E211F11C3814740007CAA7 /* Release */ = {
			isa = XCBuildConfiguration;
			buildSettings = {
				ASSETCATALOG_COMPILER_APPICON_NAME = AppIcon;
				INFOPLIST_FILE = MahjongScoreCalculator/Info.plist;
				LD_RUNPATH_SEARCH_PATHS = "$(inherited) @executable_path/Frameworks";
				PRODUCT_BUNDLE_IDENTIFIER = Fredfx.MahjongScoreCalculator;
				PRODUCT_NAME = "$(TARGET_NAME)";
			};
			name = Release;
		};
		C8E211F31C3814740007CAA7 /* Debug */ = {
			isa = XCBuildConfiguration;
			buildSettings = {
				BUNDLE_LOADER = "$(TEST_HOST)";
				INFOPLIST_FILE = MahjongScoreCalculatorTests/Info.plist;
				LD_RUNPATH_SEARCH_PATHS = "$(inherited) @executable_path/Frameworks @loader_path/Frameworks";
				PRODUCT_BUNDLE_IDENTIFIER = Fredfx.MahjongScoreCalculatorTests;
				PRODUCT_NAME = "$(TARGET_NAME)";
				TEST_HOST = "$(BUILT_PRODUCTS_DIR)/MahjongScoreCalculator.app/MahjongScoreCalculator";
			};
			name = Debug;
		};
		C8E211F41C3814740007CAA7 /* Release */ = {
			isa = XCBuildConfiguration;
			buildSettings = {
				BUNDLE_LOADER = "$(TEST_HOST)";
				INFOPLIST_FILE = MahjongScoreCalculatorTests/Info.plist;
				LD_RUNPATH_SEARCH_PATHS = "$(inherited) @executable_path/Frameworks @loader_path/Frameworks";
				PRODUCT_BUNDLE_IDENTIFIER = Fredfx.MahjongScoreCalculatorTests;
				PRODUCT_NAME = "$(TARGET_NAME)";
				TEST_HOST = "$(BUILT_PRODUCTS_DIR)/MahjongScoreCalculator.app/MahjongScoreCalculator";
			};
			name = Release;
		};
/* End XCBuildConfiguration section */

/* Begin XCConfigurationList section */
		C8E211C81C3814740007CAA7 /* Build configuration list for PBXProject "MahjongScoreCalculator" */ = {
			isa = XCConfigurationList;
			buildConfigurations = (
				C8E211ED1C3814740007CAA7 /* Debug */,
				C8E211EE1C3814740007CAA7 /* Release */,
			);
			defaultConfigurationIsVisible = 0;
			defaultConfigurationName = Release;
		};
		C8E211EF1C3814740007CAA7 /* Build configuration list for PBXNativeTarget "MahjongScoreCalculator" */ = {
			isa = XCConfigurationList;
			buildConfigurations = (
				C8E211F01C3814740007CAA7 /* Debug */,
				C8E211F11C3814740007CAA7 /* Release */,
			);
			defaultConfigurationIsVisible = 0;
		};
		C8E211F21C3814740007CAA7 /* Build configuration list for PBXNativeTarget "MahjongScoreCalculatorTests" */ = {
			isa = XCConfigurationList;
			buildConfigurations = (
				C8E211F31C3814740007CAA7 /* Debug */,
				C8E211F41C3814740007CAA7 /* Release */,
			);
			defaultConfigurationIsVisible = 0;
		};
/* End XCConfigurationList section */
	};
	rootObject = C8E211C51C3814740007CAA7 /* Project object */;
}
