// !$*UTF8*$!
{
	archiveVersion = 1;
	classes = {
	};
	objectVersion = 46;
	objects = {

/* Begin PBXBuildFile section */
		C87C56301C666A9F00D1A6AF /* MMSCScoreTableController.m in Sources */ = {isa = PBXBuildFile; fileRef = C87C562F1C666A9F00D1A6AF /* MMSCScoreTableController.m */; };
		C87C56491C6B8B9300D1A6AF /* MMSCScoreTableCell.m in Sources */ = {isa = PBXBuildFile; fileRef = C87C56481C6B8B9300D1A6AF /* MMSCScoreTableCell.m */; };
		C87C564C1C6CE46100D1A6AF /* MMSCGameManager.m in Sources */ = {isa = PBXBuildFile; fileRef = C87C564B1C6CE46100D1A6AF /* MMSCGameManager.m */; };
		C87C56551C6F1F3900D1A6AF /* MMSCRichiController.m in Sources */ = {isa = PBXBuildFile; fileRef = C87C56541C6F1F3900D1A6AF /* MMSCRichiController.m */; };
		C8E212031C3817160007CAA7 /* main.m in Sources */ = {isa = PBXBuildFile; fileRef = C8E212021C3817160007CAA7 /* main.m */; };
		C8E212061C3817160007CAA7 /* AppDelegate.m in Sources */ = {isa = PBXBuildFile; fileRef = C8E212051C3817160007CAA7 /* AppDelegate.m */; };
		C8E2120C1C3817160007CAA7 /* Main.storyboard in Resources */ = {isa = PBXBuildFile; fileRef = C8E2120A1C3817160007CAA7 /* Main.storyboard */; };
		C8E2120E1C3817160007CAA7 /* Assets.xcassets in Resources */ = {isa = PBXBuildFile; fileRef = C8E2120D1C3817160007CAA7 /* Assets.xcassets */; };
		C8E212111C3817160007CAA7 /* LaunchScreen.storyboard in Resources */ = {isa = PBXBuildFile; fileRef = C8E2120F1C3817160007CAA7 /* LaunchScreen.storyboard */; };
		C8E2121C1C3817160007CAA7 /* MahjongScoreCalculatorTests.m in Sources */ = {isa = PBXBuildFile; fileRef = C8E2121B1C3817160007CAA7 /* MahjongScoreCalculatorTests.m */; };
		C8E654761C5E0EF50079BF29 /* MMSCFontAndColorUtil.m in Sources */ = {isa = PBXBuildFile; fileRef = C8E654731C5E0EF50079BF29 /* MMSCFontAndColorUtil.m */; };
		C8E654771C5E0EF50079BF29 /* MMSCPlayerNameAndSeatController.m in Sources */ = {isa = PBXBuildFile; fileRef = C8E654751C5E0EF50079BF29 /* MMSCPlayerNameAndSeatController.m */; };
		C8E6548E1C5E0F130079BF29 /* MMSCGame.m in Sources */ = {isa = PBXBuildFile; fileRef = C8E6547A1C5E0F130079BF29 /* MMSCGame.m */; };
		C8E6548F1C5E0F130079BF29 /* MMSCPlayer.m in Sources */ = {isa = PBXBuildFile; fileRef = C8E6547C1C5E0F130079BF29 /* MMSCPlayer.m */; };
		C8E654901C5E0F130079BF29 /* MMSCRound.m in Sources */ = {isa = PBXBuildFile; fileRef = C8E6547E1C5E0F130079BF29 /* MMSCRound.m */; };
		C8E654911C5E0F130079BF29 /* MMSCUtil.m in Sources */ = {isa = PBXBuildFile; fileRef = C8E654801C5E0F130079BF29 /* MMSCUtil.m */; };
		C8E654921C5E0F130079BF29 /* MMSCDrawManganResult.m in Sources */ = {isa = PBXBuildFile; fileRef = C8E654831C5E0F130079BF29 /* MMSCDrawManganResult.m */; };
		C8E654931C5E0F130079BF29 /* MMSCDrawResult.m in Sources */ = {isa = PBXBuildFile; fileRef = C8E654851C5E0F130079BF29 /* MMSCDrawResult.m */; };
		C8E654941C5E0F130079BF29 /* MMSCNormalWinResult.m in Sources */ = {isa = PBXBuildFile; fileRef = C8E654871C5E0F130079BF29 /* MMSCNormalWinResult.m */; };
		C8E654951C5E0F130079BF29 /* MMSCRoundResult.m in Sources */ = {isa = PBXBuildFile; fileRef = C8E654891C5E0F130079BF29 /* MMSCRoundResult.m */; };
		C8E654961C5E0F130079BF29 /* MMSCTsuMoResult.m in Sources */ = {isa = PBXBuildFile; fileRef = C8E6548B1C5E0F130079BF29 /* MMSCTsuMoResult.m */; };
		C8E654971C5E0F130079BF29 /* MMSCTwoWinnerResult.m in Sources */ = {isa = PBXBuildFile; fileRef = C8E6548D1C5E0F130079BF29 /* MMSCTwoWinnerResult.m */; };
		C8E654991C5E0F620079BF29 /* resource in Resources */ = {isa = PBXBuildFile; fileRef = C8E654981C5E0F620079BF29 /* resource */; };
		C8E6549C1C5E68570079BF29 /* MMSCRandomSeatTipsController.m in Sources */ = {isa = PBXBuildFile; fileRef = C8E6549B1C5E68570079BF29 /* MMSCRandomSeatTipsController.m */; };
/* End PBXBuildFile section */

/* Begin PBXContainerItemProxy section */
		C8E212181C3817160007CAA7 /* PBXContainerItemProxy */ = {
			isa = PBXContainerItemProxy;
			containerPortal = C8E211F61C3817160007CAA7 /* Project object */;
			proxyType = 1;
			remoteGlobalIDString = C8E211FD1C3817160007CAA7;
			remoteInfo = MahjongScoreCalculator;
		};
/* End PBXContainerItemProxy section */

/* Begin PBXFileReference section */
		C87C562E1C666A9F00D1A6AF /* MMSCScoreTableController.h */ = {isa = PBXFileReference; fileEncoding = 4; lastKnownFileType = sourcecode.c.h; path = MMSCScoreTableController.h; sourceTree = "<group>"; };
		C87C562F1C666A9F00D1A6AF /* MMSCScoreTableController.m */ = {isa = PBXFileReference; fileEncoding = 4; lastKnownFileType = sourcecode.c.objc; path = MMSCScoreTableController.m; sourceTree = "<group>"; };
		C87C56471C6B8B9300D1A6AF /* MMSCScoreTableCell.h */ = {isa = PBXFileReference; fileEncoding = 4; lastKnownFileType = sourcecode.c.h; path = MMSCScoreTableCell.h; sourceTree = "<group>"; };
		C87C56481C6B8B9300D1A6AF /* MMSCScoreTableCell.m */ = {isa = PBXFileReference; fileEncoding = 4; lastKnownFileType = sourcecode.c.objc; path = MMSCScoreTableCell.m; sourceTree = "<group>"; };
		C87C564A1C6CE46100D1A6AF /* MMSCGameManager.h */ = {isa = PBXFileReference; fileEncoding = 4; lastKnownFileType = sourcecode.c.h; path = MMSCGameManager.h; sourceTree = "<group>"; };
		C87C564B1C6CE46100D1A6AF /* MMSCGameManager.m */ = {isa = PBXFileReference; fileEncoding = 4; lastKnownFileType = sourcecode.c.objc; path = MMSCGameManager.m; sourceTree = "<group>"; };
		C87C56531C6F1F3900D1A6AF /* MMSCRichiController.h */ = {isa = PBXFileReference; fileEncoding = 4; lastKnownFileType = sourcecode.c.h; path = MMSCRichiController.h; sourceTree = "<group>"; };
		C87C56541C6F1F3900D1A6AF /* MMSCRichiController.m */ = {isa = PBXFileReference; fileEncoding = 4; lastKnownFileType = sourcecode.c.objc; path = MMSCRichiController.m; sourceTree = "<group>"; };
		C8E211FE1C3817160007CAA7 /* 日麻计分器.app */ = {isa = PBXFileReference; explicitFileType = wrapper.application; includeInIndex = 0; path = "日麻计分器.app"; sourceTree = BUILT_PRODUCTS_DIR; };
		C8E212021C3817160007CAA7 /* main.m */ = {isa = PBXFileReference; lastKnownFileType = sourcecode.c.objc; path = main.m; sourceTree = "<group>"; };
		C8E212041C3817160007CAA7 /* AppDelegate.h */ = {isa = PBXFileReference; lastKnownFileType = sourcecode.c.h; path = AppDelegate.h; sourceTree = "<group>"; };
		C8E212051C3817160007CAA7 /* AppDelegate.m */ = {isa = PBXFileReference; lastKnownFileType = sourcecode.c.objc; path = AppDelegate.m; sourceTree = "<group>"; };
		C8E2120B1C3817160007CAA7 /* Base */ = {isa = PBXFileReference; lastKnownFileType = file.storyboard; name = Base; path = Base.lproj/Main.storyboard; sourceTree = "<group>"; };
		C8E2120D1C3817160007CAA7 /* Assets.xcassets */ = {isa = PBXFileReference; lastKnownFileType = folder.assetcatalog; path = Assets.xcassets; sourceTree = "<group>"; };
		C8E212101C3817160007CAA7 /* Base */ = {isa = PBXFileReference; lastKnownFileType = file.storyboard; name = Base; path = Base.lproj/LaunchScreen.storyboard; sourceTree = "<group>"; };
		C8E212121C3817160007CAA7 /* Info.plist */ = {isa = PBXFileReference; lastKnownFileType = text.plist.xml; path = Info.plist; sourceTree = "<group>"; };
		C8E212171C3817160007CAA7 /* MahjongScoreCalculatorTests.xctest */ = {isa = PBXFileReference; explicitFileType = wrapper.cfbundle; includeInIndex = 0; path = MahjongScoreCalculatorTests.xctest; sourceTree = BUILT_PRODUCTS_DIR; };
		C8E2121B1C3817160007CAA7 /* MahjongScoreCalculatorTests.m */ = {isa = PBXFileReference; lastKnownFileType = sourcecode.c.objc; path = MahjongScoreCalculatorTests.m; sourceTree = "<group>"; };
		C8E2121D1C3817160007CAA7 /* Info.plist */ = {isa = PBXFileReference; lastKnownFileType = text.plist.xml; path = Info.plist; sourceTree = "<group>"; };
		C8E654721C5E0EF50079BF29 /* MMSCFontAndColorUtil.h */ = {isa = PBXFileReference; fileEncoding = 4; lastKnownFileType = sourcecode.c.h; path = MMSCFontAndColorUtil.h; sourceTree = "<group>"; };
		C8E654731C5E0EF50079BF29 /* MMSCFontAndColorUtil.m */ = {isa = PBXFileReference; fileEncoding = 4; lastKnownFileType = sourcecode.c.objc; path = MMSCFontAndColorUtil.m; sourceTree = "<group>"; };
		C8E654741C5E0EF50079BF29 /* MMSCPlayerNameAndSeatController.h */ = {isa = PBXFileReference; fileEncoding = 4; lastKnownFileType = sourcecode.c.h; path = MMSCPlayerNameAndSeatController.h; sourceTree = "<group>"; };
		C8E654751C5E0EF50079BF29 /* MMSCPlayerNameAndSeatController.m */ = {isa = PBXFileReference; fileEncoding = 4; lastKnownFileType = sourcecode.c.objc; path = MMSCPlayerNameAndSeatController.m; sourceTree = "<group>"; };
		C8E654791C5E0F130079BF29 /* MMSCGame.h */ = {isa = PBXFileReference; fileEncoding = 4; lastKnownFileType = sourcecode.c.h; path = MMSCGame.h; sourceTree = "<group>"; };
		C8E6547A1C5E0F130079BF29 /* MMSCGame.m */ = {isa = PBXFileReference; fileEncoding = 4; lastKnownFileType = sourcecode.c.objc; path = MMSCGame.m; sourceTree = "<group>"; };
		C8E6547B1C5E0F130079BF29 /* MMSCPlayer.h */ = {isa = PBXFileReference; fileEncoding = 4; lastKnownFileType = sourcecode.c.h; path = MMSCPlayer.h; sourceTree = "<group>"; };
		C8E6547C1C5E0F130079BF29 /* MMSCPlayer.m */ = {isa = PBXFileReference; fileEncoding = 4; lastKnownFileType = sourcecode.c.objc; path = MMSCPlayer.m; sourceTree = "<group>"; };
		C8E6547D1C5E0F130079BF29 /* MMSCRound.h */ = {isa = PBXFileReference; fileEncoding = 4; lastKnownFileType = sourcecode.c.h; path = MMSCRound.h; sourceTree = "<group>"; };
		C8E6547E1C5E0F130079BF29 /* MMSCRound.m */ = {isa = PBXFileReference; fileEncoding = 4; lastKnownFileType = sourcecode.c.objc; path = MMSCRound.m; sourceTree = "<group>"; };
		C8E6547F1C5E0F130079BF29 /* MMSCUtil.h */ = {isa = PBXFileReference; fileEncoding = 4; lastKnownFileType = sourcecode.c.h; path = MMSCUtil.h; sourceTree = "<group>"; };
		C8E654801C5E0F130079BF29 /* MMSCUtil.m */ = {isa = PBXFileReference; fileEncoding = 4; lastKnownFileType = sourcecode.c.objc; path = MMSCUtil.m; sourceTree = "<group>"; };
		C8E654821C5E0F130079BF29 /* MMSCDrawManganResult.h */ = {isa = PBXFileReference; fileEncoding = 4; lastKnownFileType = sourcecode.c.h; path = MMSCDrawManganResult.h; sourceTree = "<group>"; };
		C8E654831C5E0F130079BF29 /* MMSCDrawManganResult.m */ = {isa = PBXFileReference; fileEncoding = 4; lastKnownFileType = sourcecode.c.objc; path = MMSCDrawManganResult.m; sourceTree = "<group>"; };
		C8E654841C5E0F130079BF29 /* MMSCDrawResult.h */ = {isa = PBXFileReference; fileEncoding = 4; lastKnownFileType = sourcecode.c.h; path = MMSCDrawResult.h; sourceTree = "<group>"; };
		C8E654851C5E0F130079BF29 /* MMSCDrawResult.m */ = {isa = PBXFileReference; fileEncoding = 4; lastKnownFileType = sourcecode.c.objc; path = MMSCDrawResult.m; sourceTree = "<group>"; };
		C8E654861C5E0F130079BF29 /* MMSCNormalWinResult.h */ = {isa = PBXFileReference; fileEncoding = 4; lastKnownFileType = sourcecode.c.h; path = MMSCNormalWinResult.h; sourceTree = "<group>"; };
		C8E654871C5E0F130079BF29 /* MMSCNormalWinResult.m */ = {isa = PBXFileReference; fileEncoding = 4; lastKnownFileType = sourcecode.c.objc; path = MMSCNormalWinResult.m; sourceTree = "<group>"; };
		C8E654881C5E0F130079BF29 /* MMSCRoundResult.h */ = {isa = PBXFileReference; fileEncoding = 4; lastKnownFileType = sourcecode.c.h; path = MMSCRoundResult.h; sourceTree = "<group>"; };
		C8E654891C5E0F130079BF29 /* MMSCRoundResult.m */ = {isa = PBXFileReference; fileEncoding = 4; lastKnownFileType = sourcecode.c.objc; path = MMSCRoundResult.m; sourceTree = "<group>"; };
		C8E6548A1C5E0F130079BF29 /* MMSCTsuMoResult.h */ = {isa = PBXFileReference; fileEncoding = 4; lastKnownFileType = sourcecode.c.h; path = MMSCTsuMoResult.h; sourceTree = "<group>"; };
		C8E6548B1C5E0F130079BF29 /* MMSCTsuMoResult.m */ = {isa = PBXFileReference; fileEncoding = 4; lastKnownFileType = sourcecode.c.objc; path = MMSCTsuMoResult.m; sourceTree = "<group>"; };
		C8E6548C1C5E0F130079BF29 /* MMSCTwoWinnerResult.h */ = {isa = PBXFileReference; fileEncoding = 4; lastKnownFileType = sourcecode.c.h; path = MMSCTwoWinnerResult.h; sourceTree = "<group>"; };
		C8E6548D1C5E0F130079BF29 /* MMSCTwoWinnerResult.m */ = {isa = PBXFileReference; fileEncoding = 4; lastKnownFileType = sourcecode.c.objc; path = MMSCTwoWinnerResult.m; sourceTree = "<group>"; };
		C8E654981C5E0F620079BF29 /* resource */ = {isa = PBXFileReference; lastKnownFileType = folder; name = resource; path = MahjongScoreCalculator/resource; sourceTree = "<group>"; };
		C8E6549A1C5E68570079BF29 /* MMSCRandomSeatTipsController.h */ = {isa = PBXFileReference; fileEncoding = 4; lastKnownFileType = sourcecode.c.h; path = MMSCRandomSeatTipsController.h; sourceTree = "<group>"; };
		C8E6549B1C5E68570079BF29 /* MMSCRandomSeatTipsController.m */ = {isa = PBXFileReference; fileEncoding = 4; lastKnownFileType = sourcecode.c.objc; path = MMSCRandomSeatTipsController.m; sourceTree = "<group>"; };
/* End PBXFileReference section */

/* Begin PBXFrameworksBuildPhase section */
		C8E211FB1C3817160007CAA7 /* Frameworks */ = {
			isa = PBXFrameworksBuildPhase;
			buildActionMask = 2147483647;
			files = (
			);
			runOnlyForDeploymentPostprocessing = 0;
		};
		C8E212141C3817160007CAA7 /* Frameworks */ = {
			isa = PBXFrameworksBuildPhase;
			buildActionMask = 2147483647;
			files = (
			);
			runOnlyForDeploymentPostprocessing = 0;
		};
/* End PBXFrameworksBuildPhase section */

/* Begin PBXGroup section */
		C8E211F51C3817160007CAA7 = {
			isa = PBXGroup;
			children = (
				C8E654981C5E0F620079BF29 /* resource */,
				C8E654781C5E0F130079BF29 /* GameCore */,
				C8E654711C5E0EF50079BF29 /* View */,
				C8E212001C3817160007CAA7 /* MahjongScoreCalculator */,
				C8E2121A1C3817160007CAA7 /* MahjongScoreCalculatorTests */,
				C8E211FF1C3817160007CAA7 /* Products */,
			);
			sourceTree = "<group>";
		};
		C8E211FF1C3817160007CAA7 /* Products */ = {
			isa = PBXGroup;
			children = (
				C8E211FE1C3817160007CAA7 /* 日麻计分器.app */,
				C8E212171C3817160007CAA7 /* MahjongScoreCalculatorTests.xctest */,
			);
			name = Products;
			sourceTree = "<group>";
		};
		C8E212001C3817160007CAA7 /* MahjongScoreCalculator */ = {
			isa = PBXGroup;
			children = (
				C8E212041C3817160007CAA7 /* AppDelegate.h */,
				C8E212051C3817160007CAA7 /* AppDelegate.m */,
				C8E2120A1C3817160007CAA7 /* Main.storyboard */,
				C8E2120D1C3817160007CAA7 /* Assets.xcassets */,
				C8E2120F1C3817160007CAA7 /* LaunchScreen.storyboard */,
				C8E212121C3817160007CAA7 /* Info.plist */,
				C8E212011C3817160007CAA7 /* Supporting Files */,
			);
			path = MahjongScoreCalculator;
			sourceTree = "<group>";
		};
		C8E212011C3817160007CAA7 /* Supporting Files */ = {
			isa = PBXGroup;
			children = (
				C8E212021C3817160007CAA7 /* main.m */,
			);
			name = "Supporting Files";
			sourceTree = "<group>";
		};
		C8E2121A1C3817160007CAA7 /* MahjongScoreCalculatorTests */ = {
			isa = PBXGroup;
			children = (
				C8E2121B1C3817160007CAA7 /* MahjongScoreCalculatorTests.m */,
				C8E2121D1C3817160007CAA7 /* Info.plist */,
			);
			path = MahjongScoreCalculatorTests;
			sourceTree = "<group>";
		};
		C8E654711C5E0EF50079BF29 /* View */ = {
			isa = PBXGroup;
			children = (
				C8E654721C5E0EF50079BF29 /* MMSCFontAndColorUtil.h */,
				C8E654731C5E0EF50079BF29 /* MMSCFontAndColorUtil.m */,
				C8E654741C5E0EF50079BF29 /* MMSCPlayerNameAndSeatController.h */,
				C8E654751C5E0EF50079BF29 /* MMSCPlayerNameAndSeatController.m */,
				C8E6549A1C5E68570079BF29 /* MMSCRandomSeatTipsController.h */,
				C8E6549B1C5E68570079BF29 /* MMSCRandomSeatTipsController.m */,
				C87C562E1C666A9F00D1A6AF /* MMSCScoreTableController.h */,
				C87C562F1C666A9F00D1A6AF /* MMSCScoreTableController.m */,
				C87C56471C6B8B9300D1A6AF /* MMSCScoreTableCell.h */,
				C87C56481C6B8B9300D1A6AF /* MMSCScoreTableCell.m */,
				C87C56531C6F1F3900D1A6AF /* MMSCRichiController.h */,
				C87C56541C6F1F3900D1A6AF /* MMSCRichiController.m */,
			);
			name = View;
			path = MahjongScoreCalculator/View;
			sourceTree = "<group>";
		};
		C8E654781C5E0F130079BF29 /* GameCore */ = {
			isa = PBXGroup;
			children = (
				C8E654791C5E0F130079BF29 /* MMSCGame.h */,
				C8E6547A1C5E0F130079BF29 /* MMSCGame.m */,
				C8E6547B1C5E0F130079BF29 /* MMSCPlayer.h */,
				C8E6547C1C5E0F130079BF29 /* MMSCPlayer.m */,
				C8E6547D1C5E0F130079BF29 /* MMSCRound.h */,
				C8E6547E1C5E0F130079BF29 /* MMSCRound.m */,
				C8E6547F1C5E0F130079BF29 /* MMSCUtil.h */,
				C8E654801C5E0F130079BF29 /* MMSCUtil.m */,
				C8E654811C5E0F130079BF29 /* RoundResult */,
				C87C564A1C6CE46100D1A6AF /* MMSCGameManager.h */,
				C87C564B1C6CE46100D1A6AF /* MMSCGameManager.m */,
			);
			name = GameCore;
			path = MahjongScoreCalculator/GameCore;
			sourceTree = "<group>";
		};
		C8E654811C5E0F130079BF29 /* RoundResult */ = {
			isa = PBXGroup;
			children = (
				C8E654821C5E0F130079BF29 /* MMSCDrawManganResult.h */,
				C8E654831C5E0F130079BF29 /* MMSCDrawManganResult.m */,
				C8E654841C5E0F130079BF29 /* MMSCDrawResult.h */,
				C8E654851C5E0F130079BF29 /* MMSCDrawResult.m */,
				C8E654861C5E0F130079BF29 /* MMSCNormalWinResult.h */,
				C8E654871C5E0F130079BF29 /* MMSCNormalWinResult.m */,
				C8E654881C5E0F130079BF29 /* MMSCRoundResult.h */,
				C8E654891C5E0F130079BF29 /* MMSCRoundResult.m */,
				C8E6548A1C5E0F130079BF29 /* MMSCTsuMoResult.h */,
				C8E6548B1C5E0F130079BF29 /* MMSCTsuMoResult.m */,
				C8E6548C1C5E0F130079BF29 /* MMSCTwoWinnerResult.h */,
				C8E6548D1C5E0F130079BF29 /* MMSCTwoWinnerResult.m */,
			);
			path = RoundResult;
			sourceTree = "<group>";
		};
/* End PBXGroup section */

/* Begin PBXNativeTarget section */
		C8E211FD1C3817160007CAA7 /* MahjongScoreCalculator */ = {
			isa = PBXNativeTarget;
			buildConfigurationList = C8E212201C3817160007CAA7 /* Build configuration list for PBXNativeTarget "MahjongScoreCalculator" */;
			buildPhases = (
				C8E211FA1C3817160007CAA7 /* Sources */,
				C8E211FB1C3817160007CAA7 /* Frameworks */,
				C8E211FC1C3817160007CAA7 /* Resources */,
			);
			buildRules = (
			);
			dependencies = (
			);
			name = MahjongScoreCalculator;
			productName = MahjongScoreCalculator;
			productReference = C8E211FE1C3817160007CAA7 /* 日麻计分器.app */;
			productType = "com.apple.product-type.application";
		};
		C8E212161C3817160007CAA7 /* MahjongScoreCalculatorTests */ = {
			isa = PBXNativeTarget;
			buildConfigurationList = C8E212231C3817160007CAA7 /* Build configuration list for PBXNativeTarget "MahjongScoreCalculatorTests" */;
			buildPhases = (
				C8E212131C3817160007CAA7 /* Sources */,
				C8E212141C3817160007CAA7 /* Frameworks */,
				C8E212151C3817160007CAA7 /* Resources */,
			);
			buildRules = (
			);
			dependencies = (
				C8E212191C3817160007CAA7 /* PBXTargetDependency */,
			);
			name = MahjongScoreCalculatorTests;
			productName = MahjongScoreCalculatorTests;
			productReference = C8E212171C3817160007CAA7 /* MahjongScoreCalculatorTests.xctest */;
			productType = "com.apple.product-type.bundle.unit-test";
		};
/* End PBXNativeTarget section */

/* Begin PBXProject section */
		C8E211F61C3817160007CAA7 /* Project object */ = {
			isa = PBXProject;
			attributes = {
				LastUpgradeCheck = 0720;
				ORGANIZATIONNAME = fredfx;
				TargetAttributes = {
					C8E211FD1C3817160007CAA7 = {
						CreatedOnToolsVersion = 7.2;
						DevelopmentTeam = HHZ4523EN3;
					};
					C8E212161C3817160007CAA7 = {
						CreatedOnToolsVersion = 7.2;
						DevelopmentTeam = HHZ4523EN3;
						TestTargetID = C8E211FD1C3817160007CAA7;
					};
				};
			};
			buildConfigurationList = C8E211F91C3817160007CAA7 /* Build configuration list for PBXProject "MahjongScoreCalculator" */;
			compatibilityVersion = "Xcode 3.2";
			developmentRegion = English;
			hasScannedForEncodings = 0;
			knownRegions = (
				en,
				Base,
			);
			mainGroup = C8E211F51C3817160007CAA7;
			productRefGroup = C8E211FF1C3817160007CAA7 /* Products */;
			projectDirPath = "";
			projectRoot = "";
			targets = (
				C8E211FD1C3817160007CAA7 /* MahjongScoreCalculator */,
				C8E212161C3817160007CAA7 /* MahjongScoreCalculatorTests */,
			);
		};
/* End PBXProject section */

/* Begin PBXResourcesBuildPhase section */
		C8E211FC1C3817160007CAA7 /* Resources */ = {
			isa = PBXResourcesBuildPhase;
			buildActionMask = 2147483647;
			files = (
				C8E654991C5E0F620079BF29 /* resource in Resources */,
				C8E212111C3817160007CAA7 /* LaunchScreen.storyboard in Resources */,
				C8E2120E1C3817160007CAA7 /* Assets.xcassets in Resources */,
				C8E2120C1C3817160007CAA7 /* Main.storyboard in Resources */,
			);
			runOnlyForDeploymentPostprocessing = 0;
		};
		C8E212151C3817160007CAA7 /* Resources */ = {
			isa = PBXResourcesBuildPhase;
			buildActionMask = 2147483647;
			files = (
			);
			runOnlyForDeploymentPostprocessing = 0;
		};
/* End PBXResourcesBuildPhase section */

/* Begin PBXSourcesBuildPhase section */
		C8E211FA1C3817160007CAA7 /* Sources */ = {
			isa = PBXSourcesBuildPhase;
			buildActionMask = 2147483647;
			files = (
				C8E654761C5E0EF50079BF29 /* MMSCFontAndColorUtil.m in Sources */,
				C8E6549C1C5E68570079BF29 /* MMSCRandomSeatTipsController.m in Sources */,
				C8E212061C3817160007CAA7 /* AppDelegate.m in Sources */,
				C87C56491C6B8B9300D1A6AF /* MMSCScoreTableCell.m in Sources */,
				C8E6548F1C5E0F130079BF29 /* MMSCPlayer.m in Sources */,
				C8E654941C5E0F130079BF29 /* MMSCNormalWinResult.m in Sources */,
				C8E654931C5E0F130079BF29 /* MMSCDrawResult.m in Sources */,
				C87C56551C6F1F3900D1A6AF /* MMSCRichiController.m in Sources */,
				C8E654911C5E0F130079BF29 /* MMSCUtil.m in Sources */,
				C8E654971C5E0F130079BF29 /* MMSCTwoWinnerResult.m in Sources */,
				C8E212031C3817160007CAA7 /* main.m in Sources */,
				C8E654771C5E0EF50079BF29 /* MMSCPlayerNameAndSeatController.m in Sources */,
				C8E654961C5E0F130079BF29 /* MMSCTsuMoResult.m in Sources */,
				C8E654921C5E0F130079BF29 /* MMSCDrawManganResult.m in Sources */,
				C8E6548E1C5E0F130079BF29 /* MMSCGame.m in Sources */,
				C87C56301C666A9F00D1A6AF /* MMSCScoreTableController.m in Sources */,
				C87C564C1C6CE46100D1A6AF /* MMSCGameManager.m in Sources */,
				C8E654951C5E0F130079BF29 /* MMSCRoundResult.m in Sources */,
				C8E654901C5E0F130079BF29 /* MMSCRound.m in Sources */,
			);
			runOnlyForDeploymentPostprocessing = 0;
		};
		C8E212131C3817160007CAA7 /* Sources */ = {
			isa = PBXSourcesBuildPhase;
			buildActionMask = 2147483647;
			files = (
				C8E2121C1C3817160007CAA7 /* MahjongScoreCalculatorTests.m in Sources */,
			);
			runOnlyForDeploymentPostprocessing = 0;
		};
/* End PBXSourcesBuildPhase section */

/* Begin PBXTargetDependency section */
		C8E212191C3817160007CAA7 /* PBXTargetDependency */ = {
			isa = PBXTargetDependency;
			target = C8E211FD1C3817160007CAA7 /* MahjongScoreCalculator */;
			targetProxy = C8E212181C3817160007CAA7 /* PBXContainerItemProxy */;
		};
/* End PBXTargetDependency section */

/* Begin PBXVariantGroup section */
		C8E2120A1C3817160007CAA7 /* Main.storyboard */ = {
			isa = PBXVariantGroup;
			children = (
				C8E2120B1C3817160007CAA7 /* Base */,
			);
			name = Main.storyboard;
			sourceTree = "<group>";
		};
		C8E2120F1C3817160007CAA7 /* LaunchScreen.storyboard */ = {
			isa = PBXVariantGroup;
			children = (
				C8E212101C3817160007CAA7 /* Base */,
			);
			name = LaunchScreen.storyboard;
			sourceTree = "<group>";
		};
/* End PBXVariantGroup section */

/* Begin XCBuildConfiguration section */
		C8E2121E1C3817160007CAA7 /* Debug */ = {
			isa = XCBuildConfiguration;
			buildSettings = {
				ALWAYS_SEARCH_USER_PATHS = NO;
				CLANG_CXX_LANGUAGE_STANDARD = "gnu++0x";
				CLANG_CXX_LIBRARY = "libc++";
				CLANG_ENABLE_MODULES = YES;
				CLANG_ENABLE_OBJC_ARC = YES;
				CLANG_WARN_BOOL_CONVERSION = YES;
				CLANG_WARN_CONSTANT_CONVERSION = YES;
				CLANG_WARN_DIRECT_OBJC_ISA_USAGE = YES_ERROR;
				CLANG_WARN_EMPTY_BODY = YES;
				CLANG_WARN_ENUM_CONVERSION = YES;
				CLANG_WARN_INT_CONVERSION = YES;
				CLANG_WARN_OBJC_ROOT_CLASS = YES_ERROR;
				CLANG_WARN_UNREACHABLE_CODE = YES;
				CLANG_WARN__DUPLICATE_METHOD_MATCH = YES;
				"CODE_SIGN_IDENTITY[sdk=iphoneos*]" = "iPhone Developer";
				COPY_PHASE_STRIP = NO;
				DEBUG_INFORMATION_FORMAT = dwarf;
				ENABLE_STRICT_OBJC_MSGSEND = YES;
				ENABLE_TESTABILITY = YES;
				GCC_C_LANGUAGE_STANDARD = gnu99;
				GCC_DYNAMIC_NO_PIC = NO;
				GCC_NO_COMMON_BLOCKS = YES;
				GCC_OPTIMIZATION_LEVEL = 0;
				GCC_PREPROCESSOR_DEFINITIONS = (
					"DEBUG=1",
					"$(inherited)",
				);
				GCC_WARN_64_TO_32_BIT_CONVERSION = YES;
				GCC_WARN_ABOUT_RETURN_TYPE = YES_ERROR;
				GCC_WARN_UNDECLARED_SELECTOR = YES;
				GCC_WARN_UNINITIALIZED_AUTOS = YES_AGGRESSIVE;
				GCC_WARN_UNUSED_FUNCTION = YES;
				GCC_WARN_UNUSED_VARIABLE = YES;
				IPHONEOS_DEPLOYMENT_TARGET = 9.2;
				MTL_ENABLE_DEBUG_INFO = YES;
				ONLY_ACTIVE_ARCH = YES;
				SDKROOT = iphoneos;
			};
			name = Debug;
		};
		C8E2121F1C3817160007CAA7 /* Release */ = {
			isa = XCBuildConfiguration;
			buildSettings = {
				ALWAYS_SEARCH_USER_PATHS = NO;
				CLANG_CXX_LANGUAGE_STANDARD = "gnu++0x";
				CLANG_CXX_LIBRARY = "libc++";
				CLANG_ENABLE_MODULES = YES;
				CLANG_ENABLE_OBJC_ARC = YES;
				CLANG_WARN_BOOL_CONVERSION = YES;
				CLANG_WARN_CONSTANT_CONVERSION = YES;
				CLANG_WARN_DIRECT_OBJC_ISA_USAGE = YES_ERROR;
				CLANG_WARN_EMPTY_BODY = YES;
				CLANG_WARN_ENUM_CONVERSION = YES;
				CLANG_WARN_INT_CONVERSION = YES;
				CLANG_WARN_OBJC_ROOT_CLASS = YES_ERROR;
				CLANG_WARN_UNREACHABLE_CODE = YES;
				CLANG_WARN__DUPLICATE_METHOD_MATCH = YES;
				"CODE_SIGN_IDENTITY[sdk=iphoneos*]" = "iPhone Developer";
				COPY_PHASE_STRIP = NO;
				DEBUG_INFORMATION_FORMAT = "dwarf-with-dsym";
				ENABLE_NS_ASSERTIONS = NO;
				ENABLE_STRICT_OBJC_MSGSEND = YES;
				GCC_C_LANGUAGE_STANDARD = gnu99;
				GCC_NO_COMMON_BLOCKS = YES;
				GCC_WARN_64_TO_32_BIT_CONVERSION = YES;
				GCC_WARN_ABOUT_RETURN_TYPE = YES_ERROR;
				GCC_WARN_UNDECLARED_SELECTOR = YES;
				GCC_WARN_UNINITIALIZED_AUTOS = YES_AGGRESSIVE;
				GCC_WARN_UNUSED_FUNCTION = YES;
				GCC_WARN_UNUSED_VARIABLE = YES;
				IPHONEOS_DEPLOYMENT_TARGET = 9.2;
				MTL_ENABLE_DEBUG_INFO = NO;
				SDKROOT = iphoneos;
				VALIDATE_PRODUCT = YES;
			};
			name = Release;
		};
		C8E212211C3817160007CAA7 /* Debug */ = {
			isa = XCBuildConfiguration;
			buildSettings = {
				ASSETCATALOG_COMPILER_APPICON_NAME = AppIcon;
				ASSETCATALOG_COMPILER_LAUNCHIMAGE_NAME = "Brand Assets";
				CODE_SIGN_IDENTITY = "iPhone Developer";
				INFOPLIST_FILE = MahjongScoreCalculator/Info.plist;
				IPHONEOS_DEPLOYMENT_TARGET = 9.0;
				LD_RUNPATH_SEARCH_PATHS = "$(inherited) @executable_path/Frameworks";
				PRODUCT_BUNDLE_IDENTIFIER = Fredfx.MahjongScoreCalculator;
				PRODUCT_NAME = "日麻计分器";
			};
			name = Debug;
		};
		C8E212221C3817160007CAA7 /* Release */ = {
			isa = XCBuildConfiguration;
			buildSettings = {
				ASSETCATALOG_COMPILER_APPICON_NAME = AppIcon;
				ASSETCATALOG_COMPILER_LAUNCHIMAGE_NAME = "Brand Assets";
				CODE_SIGN_IDENTITY = "iPhone Developer";
				INFOPLIST_FILE = MahjongScoreCalculator/Info.plist;
				IPHONEOS_DEPLOYMENT_TARGET = 9.0;
				LD_RUNPATH_SEARCH_PATHS = "$(inherited) @executable_path/Frameworks";
				PRODUCT_BUNDLE_IDENTIFIER = Fredfx.MahjongScoreCalculator;
				PRODUCT_NAME = "日麻计分器";
			};
			name = Release;
		};
		C8E212241C3817160007CAA7 /* Debug */ = {
			isa = XCBuildConfiguration;
			buildSettings = {
				BUNDLE_LOADER = "$(TEST_HOST)";
				INFOPLIST_FILE = MahjongScoreCalculatorTests/Info.plist;
				LD_RUNPATH_SEARCH_PATHS = "$(inherited) @executable_path/Frameworks @loader_path/Frameworks";
				PRODUCT_BUNDLE_IDENTIFIER = Fredfx.MahjongScoreCalculatorTests;
				PRODUCT_NAME = "$(TARGET_NAME)";
				TEST_HOST = "$(BUILT_PRODUCTS_DIR)/MahjongScoreCalculator.app/MahjongScoreCalculator";
			};
			name = Debug;
		};
		C8E212251C3817160007CAA7 /* Release */ = {
			isa = XCBuildConfiguration;
			buildSettings = {
				BUNDLE_LOADER = "$(TEST_HOST)";
				INFOPLIST_FILE = MahjongScoreCalculatorTests/Info.plist;
				LD_RUNPATH_SEARCH_PATHS = "$(inherited) @executable_path/Frameworks @loader_path/Frameworks";
				PRODUCT_BUNDLE_IDENTIFIER = Fredfx.MahjongScoreCalculatorTests;
				PRODUCT_NAME = "$(TARGET_NAME)";
				TEST_HOST = "$(BUILT_PRODUCTS_DIR)/MahjongScoreCalculator.app/MahjongScoreCalculator";
			};
			name = Release;
		};
/* End XCBuildConfiguration section */

/* Begin XCConfigurationList section */
		C8E211F91C3817160007CAA7 /* Build configuration list for PBXProject "MahjongScoreCalculator" */ = {
			isa = XCConfigurationList;
			buildConfigurations = (
				C8E2121E1C3817160007CAA7 /* Debug */,
				C8E2121F1C3817160007CAA7 /* Release */,
			);
			defaultConfigurationIsVisible = 0;
			defaultConfigurationName = Release;
		};
		C8E212201C3817160007CAA7 /* Build configuration list for PBXNativeTarget "MahjongScoreCalculator" */ = {
			isa = XCConfigurationList;
			buildConfigurations = (
				C8E212211C3817160007CAA7 /* Debug */,
				C8E212221C3817160007CAA7 /* Release */,
			);
			defaultConfigurationIsVisible = 0;
			defaultConfigurationName = Release;
		};
		C8E212231C3817160007CAA7 /* Build configuration list for PBXNativeTarget "MahjongScoreCalculatorTests" */ = {
			isa = XCConfigurationList;
			buildConfigurations = (
				C8E212241C3817160007CAA7 /* Debug */,
				C8E212251C3817160007CAA7 /* Release */,
			);
			defaultConfigurationIsVisible = 0;
			defaultConfigurationName = Release;
		};
/* End XCConfigurationList section */
	};
	rootObject = C8E211F61C3817160007CAA7 /* Project object */;
}
